Microsoft Visual Studio Solution File, Format Version 12.00
# Visual Studio Version 17
VisualStudioVersion = 17.0.31903.59
MinimumVisualStudioVersion = 10.0.40219.1
Project("{FAE04EC0-301F-11D3-BF4B-00C04F79EFBC}") = "Takaro.Valheim.Core", "src\Takaro.Valheim.Core\Takaro.Valheim.Core.csproj", "{B9344B39-82B8-49B0-97E7-B8B11C151B9C}"
EndProject
Project("{FAE04EC0-301F-11D3-BF4B-00C04F79EFBC}") = "Takaro.Valheim.Core.Tests", "tests\Takaro.Valheim.Core.Tests\Takaro.Valheim.Core.Tests.csproj", "{8E026F78-951C-4D49-A8F2-6CC6946F6D19}"
EndProject
Project("{FAE04EC0-301F-11D3-BF4B-00C04F79EFBC}") = "Takaro.Valheim.Plugin", "src\Takaro.Valheim.Plugin\Takaro.Valheim.Plugin.csproj", "{93890065-181D-4F41-8427-FF135FC040B5}"
EndProject
Global
	GlobalSection(SolutionConfigurationPlatforms) = preSolution
		Debug|Any CPU = Debug|Any CPU
		Release|Any CPU = Release|Any CPU
	EndGlobalSection
	GlobalSection(ProjectConfigurationPlatforms) = postSolution
		{B9344B39-82B8-49B0-97E7-B8B11C151B9C}.Debug|Any CPU.ActiveCfg = Debug|Any CPU
		{B9344B39-82B8-49B0-97E7-B8B11C151B9C}.Debug|Any CPU.Build.0 = Debug|Any CPU
		{B9344B39-82B8-49B0-97E7-B8B11C151B9C}.Release|Any CPU.ActiveCfg = Release|Any CPU
		{B9344B39-82B8-49B0-97E7-B8B11C151B9C}.Release|Any CPU.Build.0 = Release|Any CPU
		{8E026F78-951C-4D49-A8F2-6CC6946F6D19}.Debug|Any CPU.ActiveCfg = Debug|Any CPU
		{8E026F78-951C-4D49-A8F2-6CC6946F6D19}.Debug|Any CPU.Build.0 = Debug|Any CPU
		{8E026F78-951C-4D49-A8F2-6CC6946F6D19}.Release|Any CPU.ActiveCfg = Release|Any CPU
		{8E026F78-951C-4D49-A8F2-6CC6946F6D19}.Release|Any CPU.Build.0 = Release|Any CPU
		{93890065-181D-4F41-8427-FF135FC040B5}.Debug|Any CPU.ActiveCfg = Debug|Any CPU
		{93890065-181D-4F41-8427-FF135FC040B5}.Debug|Any CPU.Build.0 = Debug|Any CPU
		{93890065-181D-4F41-8427-FF135FC040B5}.Release|Any CPU.ActiveCfg = Release|Any CPU
		{93890065-181D-4F41-8427-FF135FC040B5}.Release|Any CPU.Build.0 = Release|Any CPU
	EndGlobalSection
EndGlobal
